
Microsoft Visual Studio Solution File, Format Version 12.00
# Visual Studio 15
VisualStudioVersion = 15.0.27428.2043
MinimumVisualStudioVersion = 10.0.40219.1
Project("{FAE04EC0-301F-11D3-BF4B-00C04F79EFBC}") = "sqldatasourcecontrol", "sqldatasourcecontrol\sqldatasourcecontrol.csproj", "{38BB73D1-43B4-42EC-8440-8E2802C980BD}"
EndProject
Global
	GlobalSection(SolutionConfigurationPlatforms) = preSolution
		Debug|Any CPU = Debug|Any CPU
		Release|Any CPU = Release|Any CPU
	EndGlobalSection
	GlobalSection(ProjectConfigurationPlatforms) = postSolution
		{38BB73D1-43B4-42EC-8440-8E2802C980BD}.Debug|Any CPU.ActiveCfg = Debug|Any CPU
		{38BB73D1-43B4-42EC-8440-8E2802C980BD}.Debug|Any CPU.Build.0 = Debug|Any CPU
		{38BB73D1-43B4-42EC-8440-8E2802C980BD}.Release|Any CPU.ActiveCfg = Release|Any CPU
		{38BB73D1-43B4-42EC-8440-8E2802C980BD}.Release|Any CPU.Build.0 = Release|Any CPU
	EndGlobalSection
	GlobalSection(SolutionProperties) = preSolution
		HideSolutionNode = FALSE
	EndGlobalSection
	GlobalSection(ExtensibilityGlobals) = postSolution
		SolutionGuid = {EB5E49BD-748C-4A2F-B26E-E397C7A04578}
	EndGlobalSection
EndGlobal
