
Microsoft Visual Studio Solution File, Format Version 12.00
# Visual Studio 15
VisualStudioVersion = 15.0.26730.8
MinimumVisualStudioVersion = 10.0.40219.1
Project("{FAE04EC0-301F-11D3-BF4B-00C04F79EFBC}") = "ObjectDataSource", "ObjectDataSource\ObjectDataSource.csproj", "{C25A004D-91DD-40C8-832B-5F1F38D6DCC4}"
EndProject
Global
	GlobalSection(SolutionConfigurationPlatforms) = preSolution
		Debug|Any CPU = Debug|Any CPU
		Release|Any CPU = Release|Any CPU
	EndGlobalSection
	GlobalSection(ProjectConfigurationPlatforms) = postSolution
		{C25A004D-91DD-40C8-832B-5F1F38D6DCC4}.Debug|Any CPU.ActiveCfg = Debug|Any CPU
		{C25A004D-91DD-40C8-832B-5F1F38D6DCC4}.Debug|Any CPU.Build.0 = Debug|Any CPU
		{C25A004D-91DD-40C8-832B-5F1F38D6DCC4}.Release|Any CPU.ActiveCfg = Release|Any CPU
		{C25A004D-91DD-40C8-832B-5F1F38D6DCC4}.Release|Any CPU.Build.0 = Release|Any CPU
	EndGlobalSection
	GlobalSection(SolutionProperties) = preSolution
		HideSolutionNode = FALSE
	EndGlobalSection
	GlobalSection(ExtensibilityGlobals) = postSolution
		SolutionGuid = {A9D00A1D-8AF7-4F75-9C54-33C3044D3E90}
	EndGlobalSection
EndGlobal
